
Microsoft Visual Studio Solution File, Format Version 12.00
# Visual Studio Version 17
VisualStudioVersion = 17.0.32112.339
MinimumVisualStudioVersion = 10.0.40219.1
Project("{FAE04EC0-301F-11D3-BF4B-00C04F79EFBC}") = "SpeedUp", "SpeedUp\SpeedUp.csproj", "{F24B664F-0C88-4005-AFC2-F83340BC08AA}"
EndProject
Global
	GlobalSection(SolutionConfigurationPlatforms) = preSolution
		Debug|Any CPU = Debug|Any CPU
		Release|Any CPU = Release|Any CPU
	EndGlobalSection
	GlobalSection(ProjectConfigurationPlatforms) = postSolution
		{F24B664F-0C88-4005-AFC2-F83340BC08AA}.Debug|Any CPU.ActiveCfg = Debug|Any CPU
		{F24B664F-0C88-4005-AFC2-F83340BC08AA}.Debug|Any CPU.Build.0 = Debug|Any CPU
		{F24B664F-0C88-4005-AFC2-F83340BC08AA}.Release|Any CPU.ActiveCfg = Release|Any CPU
		{F24B664F-0C88-4005-AFC2-F83340BC08AA}.Release|Any CPU.Build.0 = Release|Any CPU
	EndGlobalSection
	GlobalSection(SolutionProperties) = preSolution
		HideSolutionNode = FALSE
	EndGlobalSection
	GlobalSection(ExtensibilityGlobals) = postSolution
		SolutionGuid = {4740453C-999C-44E6-9450-77A7685AC128}
	EndGlobalSection
EndGlobal
